Microsoft Visual Studio Solution File, Format Version 12.00
# Visual Studio Version 16
VisualStudioVersion = 16.0.28803.202
MinimumVisualStudioVersion = 10.0.40219.1
Project("{9A19103F-16F7-4668-BE54-9A1E7A4F7556}") = "SegmentDownloader.Core", "SegmentDownloader.Core\SegmentDownloader.Core.csproj", "{E763345E-6696-4C53-8764-47E4ABD67DEF}"
EndProject
Project("{FAE04EC0-301F-11D3-BF4B-00C04F79EFBC}") = "SegmentDownloader.Protocol", "SegmentDownloader.Protocol\SegmentDownloader.Protocol.csproj", "{D18A8B95-E5F9-410B-BEFA-581CC3CE7380}"
EndProject
Project("{FAE04EC0-301F-11D3-BF4B-00C04F79EFBC}") = "SegmentDownloader.Sample", "SegmentDownloader.Sample\SegmentDownloader.Sample.csproj", "{07AA93B0-1D23-40C7-AD57-881D013D71CC}"
EndProject
Project("{FAE04EC0-301F-11D3-BF4B-00C04F79EFBC}") = "SegmentDownloader.SampleCore", "SegmentDownloader.SampleCore\SegmentDownloader.SampleCore.csproj", "{1BDD3FD1-C7DF-4B07-826B-0C44B0F04000}"
EndProject
Global
	GlobalSection(SolutionConfigurationPlatforms) = preSolution
		Debug|Any CPU = Debug|Any CPU
		Release|Any CPU = Release|Any CPU
	EndGlobalSection
	GlobalSection(ProjectConfigurationPlatforms) = postSolution
		{E763345E-6696-4C53-8764-47E4ABD67DEF}.Debug|Any CPU.ActiveCfg = Debug|Any CPU
		{E763345E-6696-4C53-8764-47E4ABD67DEF}.Debug|Any CPU.Build.0 = Debug|Any CPU
		{E763345E-6696-4C53-8764-47E4ABD67DEF}.Release|Any CPU.ActiveCfg = Release|Any CPU
		{E763345E-6696-4C53-8764-47E4ABD67DEF}.Release|Any CPU.Build.0 = Release|Any CPU
		{D18A8B95-E5F9-410B-BEFA-581CC3CE7380}.Debug|Any CPU.ActiveCfg = Debug|Any CPU
		{D18A8B95-E5F9-410B-BEFA-581CC3CE7380}.Debug|Any CPU.Build.0 = Debug|Any CPU
		{D18A8B95-E5F9-410B-BEFA-581CC3CE7380}.Release|Any CPU.ActiveCfg = Release|Any CPU
		{D18A8B95-E5F9-410B-BEFA-581CC3CE7380}.Release|Any CPU.Build.0 = Release|Any CPU
		{07AA93B0-1D23-40C7-AD57-881D013D71CC}.Debug|Any CPU.ActiveCfg = Debug|Any CPU
		{07AA93B0-1D23-40C7-AD57-881D013D71CC}.Debug|Any CPU.Build.0 = Debug|Any CPU
		{07AA93B0-1D23-40C7-AD57-881D013D71CC}.Release|Any CPU.ActiveCfg = Release|Any CPU
		{07AA93B0-1D23-40C7-AD57-881D013D71CC}.Release|Any CPU.Build.0 = Release|Any CPU
		{1BDD3FD1-C7DF-4B07-826B-0C44B0F04000}.Debug|Any CPU.ActiveCfg = Debug|Any CPU
		{1BDD3FD1-C7DF-4B07-826B-0C44B0F04000}.Debug|Any CPU.Build.0 = Debug|Any CPU
		{1BDD3FD1-C7DF-4B07-826B-0C44B0F04000}.Release|Any CPU.ActiveCfg = Release|Any CPU
		{1BDD3FD1-C7DF-4B07-826B-0C44B0F04000}.Release|Any CPU.Build.0 = Release|Any CPU
	EndGlobalSection
	GlobalSection(SolutionProperties) = preSolution
		HideSolutionNode = FALSE
	EndGlobalSection
	GlobalSection(ExtensibilityGlobals) = postSolution
		SolutionGuid = {D7AF0B7A-AA44-4591-B5DB-A8F47E34DA5A}
	EndGlobalSection
EndGlobal
